// !$*UTF8*$!
{
	archiveVersion = 1;
	classes = {
	};
	objectVersion = 50;
	objects = {

/* Begin PBXBuildFile section */
		4D9D9B732315A905004CF6F9 /* AppDelegate.swift in Sources */ = {isa = PBXBuildFile; fileRef = 4D9D9B722315A905004CF6F9 /* AppDelegate.swift */; };
		4D9D9B752315A905004CF6F9 /* WeatherViewController.swift in Sources */ = {isa = PBXBuildFile; fileRef = 4D9D9B742315A905004CF6F9 /* WeatherViewController.swift */; };
		4D9D9B782315A905004CF6F9 /* Main.storyboard in Resources */ = {isa = PBXBuildFile; fileRef = 4D9D9B762315A905004CF6F9 /* Main.storyboard */; };
		4D9D9B7A2315A907004CF6F9 /* Assets.xcassets in Resources */ = {isa = PBXBuildFile; fileRef = 4D9D9B792315A907004CF6F9 /* Assets.xcassets */; };
		4D9D9B7D2315A907004CF6F9 /* LaunchScreen.storyboard in Resources */ = {isa = PBXBuildFile; fileRef = 4D9D9B7B2315A907004CF6F9 /* LaunchScreen.storyboard */; };
		4D9D9B882315A907004CF6F9 /* ParsingJSONLabTests.swift in Sources */ = {isa = PBXBuildFile; fileRef = 4D9D9B872315A907004CF6F9 /* ParsingJSONLabTests.swift */; };
		4D9D9B932315A907004CF6F9 /* ParsingJSONLabUITests.swift in Sources */ = {isa = PBXBuildFile; fileRef = 4D9D9B922315A907004CF6F9 /* ParsingJSONLabUITests.swift */; };
		4D9D9BA52315AF97004CF6F9 /* ColorViewController.swift in Sources */ = {isa = PBXBuildFile; fileRef = 4D9D9BA42315AF97004CF6F9 /* ColorViewController.swift */; };
		4D9D9BA72315AFA8004CF6F9 /* UserViewController.swift in Sources */ = {isa = PBXBuildFile; fileRef = 4D9D9BA62315AFA8004CF6F9 /* UserViewController.swift */; };
		4D9D9BA92315B08E004CF6F9 /* colorscheme.json in Resources */ = {isa = PBXBuildFile; fileRef = 4D9D9BA82315B08E004CF6F9 /* colorscheme.json */; };
		4D9D9BAB2315B0E3004CF6F9 /* randomuser.json in Resources */ = {isa = PBXBuildFile; fileRef = 4D9D9BAA2315B0E3004CF6F9 /* randomuser.json */; };
		4D9D9BAD2315B0F1004CF6F9 /* weather.json in Resources */ = {isa = PBXBuildFile; fileRef = 4D9D9BAC2315B0F0004CF6F9 /* weather.json */; };
		4D9D9BAF2315B36F004CF6F9 /* ColorDecoder.swift in Sources */ = {isa = PBXBuildFile; fileRef = 4D9D9BAE2315B36F004CF6F9 /* ColorDecoder.swift */; };
		4D9D9BB12315C333004CF6F9 /* DetailColorViewController.swift in Sources */ = {isa = PBXBuildFile; fileRef = 4D9D9BB02315C333004CF6F9 /* DetailColorViewController.swift */; };
		4D9D9BB32315C85C004CF6F9 /* UserDecoder.swift in Sources */ = {isa = PBXBuildFile; fileRef = 4D9D9BB22315C85C004CF6F9 /* UserDecoder.swift */; };
		4D9D9BB52315CF09004CF6F9 /* DetailUserViewController.swift in Sources */ = {isa = PBXBuildFile; fileRef = 4D9D9BB42315CF09004CF6F9 /* DetailUserViewController.swift */; };
		4D9D9BB72315D1B8004CF6F9 /* WeatherDecoder.swift in Sources */ = {isa = PBXBuildFile; fileRef = 4D9D9BB62315D1B8004CF6F9 /* WeatherDecoder.swift */; };
		4D9D9BB92315D5E7004CF6F9 /* DetailWeatherViewController.swift in Sources */ = {isa = PBXBuildFile; fileRef = 4D9D9BB82315D5E7004CF6F9 /* DetailWeatherViewController.swift */; };
/* End PBXBuildFile section */

/* Begin PBXContainerItemProxy section */
		4D9D9B842315A907004CF6F9 /* PBXContainerItemProxy */ = {
			isa = PBXContainerItemProxy;
			containerPortal = 4D9D9B672315A905004CF6F9 /* Project object */;
			proxyType = 1;
			remoteGlobalIDString = 4D9D9B6E2315A905004CF6F9;
			remoteInfo = ParsingJSONLab;
		};
		4D9D9B8F2315A907004CF6F9 /* PBXContainerItemProxy */ = {
			isa = PBXContainerItemProxy;
			containerPortal = 4D9D9B672315A905004CF6F9 /* Project object */;
			proxyType = 1;
			remoteGlobalIDString = 4D9D9B6E2315A905004CF6F9;
			remoteInfo = ParsingJSONLab;
		};
/* End PBXContainerItemProxy section */

/* Begin PBXFileReference section */
		4D9D9B6F2315A905004CF6F9 /* ParsingJSONLab.app */ = {isa = PBXFileReference; explicitFileType = wrapper.application; includeInIndex = 0; path = ParsingJSONLab.app; sourceTree = BUILT_PRODUCTS_DIR; };
		4D9D9B722315A905004CF6F9 /* AppDelegate.swift */ = {isa = PBXFileReference; lastKnownFileType = sourcecode.swift; path = AppDelegate.swift; sourceTree = "<group>"; };
		4D9D9B742315A905004CF6F9 /* WeatherViewController.swift */ = {isa = PBXFileReference; lastKnownFileType = sourcecode.swift; path = WeatherViewController.swift; sourceTree = "<group>"; };
		4D9D9B772315A905004CF6F9 /* Base */ = {isa = PBXFileReference; lastKnownFileType = file.storyboard; name = Base; path = Base.lproj/Main.storyboard; sourceTree = "<group>"; };
		4D9D9B792315A907004CF6F9 /* Assets.xcassets */ = {isa = PBXFileReference; lastKnownFileType = folder.assetcatalog; path = Assets.xcassets; sourceTree = "<group>"; };
		4D9D9B7C2315A907004CF6F9 /* Base */ = {isa = PBXFileReference; lastKnownFileType = file.storyboard; name = Base; path = Base.lproj/LaunchScreen.storyboard; sourceTree = "<group>"; };
		4D9D9B7E2315A907004CF6F9 /* Info.plist */ = {isa = PBXFileReference; lastKnownFileType = text.plist.xml; path = Info.plist; sourceTree = "<group>"; };
		4D9D9B832315A907004CF6F9 /* ParsingJSONLabTests.xctest */ = {isa = PBXFileReference; explicitFileType = wrapper.cfbundle; includeInIndex = 0; path = ParsingJSONLabTests.xctest; sourceTree = BUILT_PRODUCTS_DIR; };
		4D9D9B872315A907004CF6F9 /* ParsingJSONLabTests.swift */ = {isa = PBXFileReference; lastKnownFileType = sourcecode.swift; path = ParsingJSONLabTests.swift; sourceTree = "<group>"; };
		4D9D9B892315A907004CF6F9 /* Info.plist */ = {isa = PBXFileReference; lastKnownFileType = text.plist.xml; path = Info.plist; sourceTree = "<group>"; };
		4D9D9B8E2315A907004CF6F9 /* ParsingJSONLabUITests.xctest */ = {isa = PBXFileReference; explicitFileType = wrapper.cfbundle; includeInIndex = 0; path = ParsingJSONLabUITests.xctest; sourceTree = BUILT_PRODUCTS_DIR; };
		4D9D9B922315A907004CF6F9 /* ParsingJSONLabUITests.swift */ = {isa = PBXFileReference; lastKnownFileType = sourcecode.swift; path = ParsingJSONLabUITests.swift; sourceTree = "<group>"; };
		4D9D9B942315A907004CF6F9 /* Info.plist */ = {isa = PBXFileReference; lastKnownFileType = text.plist.xml; path = Info.plist; sourceTree = "<group>"; };
		4D9D9BA42315AF97004CF6F9 /* ColorViewController.swift */ = {isa = PBXFileReference; lastKnownFileType = sourcecode.swift; path = ColorViewController.swift; sourceTree = "<group>"; };
		4D9D9BA62315AFA8004CF6F9 /* UserViewController.swift */ = {isa = PBXFileReference; lastKnownFileType = sourcecode.swift; path = UserViewController.swift; sourceTree = "<group>"; };
		4D9D9BA82315B08E004CF6F9 /* colorscheme.json */ = {isa = PBXFileReference; fileEncoding = 4; lastKnownFileType = text.json; path = colorscheme.json; sourceTree = "<group>"; };
		4D9D9BAA2315B0E3004CF6F9 /* randomuser.json */ = {isa = PBXFileReference; fileEncoding = 4; lastKnownFileType = text.json; path = randomuser.json; sourceTree = "<group>"; };
		4D9D9BAC2315B0F0004CF6F9 /* weather.json */ = {isa = PBXFileReference; fileEncoding = 4; lastKnownFileType = text.json; path = weather.json; sourceTree = "<group>"; };
		4D9D9BAE2315B36F004CF6F9 /* ColorDecoder.swift */ = {isa = PBXFileReference; lastKnownFileType = sourcecode.swift; path = ColorDecoder.swift; sourceTree = "<group>"; };
		4D9D9BB02315C333004CF6F9 /* DetailColorViewController.swift */ = {isa = PBXFileReference; lastKnownFileType = sourcecode.swift; path = DetailColorViewController.swift; sourceTree = "<group>"; };
		4D9D9BB22315C85C004CF6F9 /* UserDecoder.swift */ = {isa = PBXFileReference; lastKnownFileType = sourcecode.swift; path = UserDecoder.swift; sourceTree = "<group>"; };
		4D9D9BB42315CF09004CF6F9 /* DetailUserViewController.swift */ = {isa = PBXFileReference; lastKnownFileType = sourcecode.swift; path = DetailUserViewController.swift; sourceTree = "<group>"; };
		4D9D9BB62315D1B8004CF6F9 /* WeatherDecoder.swift */ = {isa = PBXFileReference; lastKnownFileType = sourcecode.swift; path = WeatherDecoder.swift; sourceTree = "<group>"; };
		4D9D9BB82315D5E7004CF6F9 /* DetailWeatherViewController.swift */ = {isa = PBXFileReference; lastKnownFileType = sourcecode.swift; path = DetailWeatherViewController.swift; sourceTree = "<group>"; };
/* End PBXFileReference section */

/* Begin PBXFrameworksBuildPhase section */
		4D9D9B6C2315A905004CF6F9 /* Frameworks */ = {
			isa = PBXFrameworksBuildPhase;
			buildActionMask = 2147483647;
			files = (
			);
			runOnlyForDeploymentPostprocessing = 0;
		};
		4D9D9B802315A907004CF6F9 /* Frameworks */ = {
			isa = PBXFrameworksBuildPhase;
			buildActionMask = 2147483647;
			files = (
			);
			runOnlyForDeploymentPostprocessing = 0;
		};
		4D9D9B8B2315A907004CF6F9 /* Frameworks */ = {
			isa = PBXFrameworksBuildPhase;
			buildActionMask = 2147483647;
			files = (
			);
			runOnlyForDeploymentPostprocessing = 0;
		};
/* End PBXFrameworksBuildPhase section */

/* Begin PBXGroup section */
		4D9D9B662315A905004CF6F9 = {
			isa = PBXGroup;
			children = (
				4D9D9B712315A905004CF6F9 /* ParsingJSONLab */,
				4D9D9B862315A907004CF6F9 /* ParsingJSONLabTests */,
				4D9D9B912315A907004CF6F9 /* ParsingJSONLabUITests */,
				4D9D9B702315A905004CF6F9 /* Products */,
			);
			sourceTree = "<group>";
		};
		4D9D9B702315A905004CF6F9 /* Products */ = {
			isa = PBXGroup;
			children = (
				4D9D9B6F2315A905004CF6F9 /* ParsingJSONLab.app */,
				4D9D9B832315A907004CF6F9 /* ParsingJSONLabTests.xctest */,
				4D9D9B8E2315A907004CF6F9 /* ParsingJSONLabUITests.xctest */,
			);
			name = Products;
			sourceTree = "<group>";
		};
		4D9D9B712315A905004CF6F9 /* ParsingJSONLab */ = {
			isa = PBXGroup;
			children = (
				4D9D9BAA2315B0E3004CF6F9 /* randomuser.json */,
				4D9D9BA82315B08E004CF6F9 /* colorscheme.json */,
				4D9D9BAC2315B0F0004CF6F9 /* weather.json */,
				4D9D9BA12315A9FE004CF6F9 /* Supporting Files */,
				4D9D9BA22315AA28004CF6F9 /* Controllers */,
				4D9D9BA32315AA3E004CF6F9 /* Models */,
				4D9D9B762315A905004CF6F9 /* Main.storyboard */,
				4D9D9B792315A907004CF6F9 /* Assets.xcassets */,
				4D9D9B7E2315A907004CF6F9 /* Info.plist */,
			);
			path = ParsingJSONLab;
			sourceTree = "<group>";
		};
		4D9D9B862315A907004CF6F9 /* ParsingJSONLabTests */ = {
			isa = PBXGroup;
			children = (
				4D9D9B872315A907004CF6F9 /* ParsingJSONLabTests.swift */,
				4D9D9B892315A907004CF6F9 /* Info.plist */,
			);
			path = ParsingJSONLabTests;
			sourceTree = "<group>";
		};
		4D9D9B912315A907004CF6F9 /* ParsingJSONLabUITests */ = {
			isa = PBXGroup;
			children = (
				4D9D9B922315A907004CF6F9 /* ParsingJSONLabUITests.swift */,
				4D9D9B942315A907004CF6F9 /* Info.plist */,
			);
			path = ParsingJSONLabUITests;
			sourceTree = "<group>";
		};
		4D9D9BA12315A9FE004CF6F9 /* Supporting Files */ = {
			isa = PBXGroup;
			children = (
				4D9D9B722315A905004CF6F9 /* AppDelegate.swift */,
				4D9D9B7B2315A907004CF6F9 /* LaunchScreen.storyboard */,
			);
			path = "Supporting Files";
			sourceTree = "<group>";
		};
		4D9D9BA22315AA28004CF6F9 /* Controllers */ = {
			isa = PBXGroup;
			children = (
				4D9D9B742315A905004CF6F9 /* WeatherViewController.swift */,
				4D9D9BB82315D5E7004CF6F9 /* DetailWeatherViewController.swift */,
				4D9D9BA42315AF97004CF6F9 /* ColorViewController.swift */,
				4D9D9BB02315C333004CF6F9 /* DetailColorViewController.swift */,
				4D9D9BA62315AFA8004CF6F9 /* UserViewController.swift */,
				4D9D9BB42315CF09004CF6F9 /* DetailUserViewController.swift */,
			);
			path = Controllers;
			sourceTree = "<group>";
		};
		4D9D9BA32315AA3E004CF6F9 /* Models */ = {
			isa = PBXGroup;
			children = (
				4D9D9BAE2315B36F004CF6F9 /* ColorDecoder.swift */,
				4D9D9BB22315C85C004CF6F9 /* UserDecoder.swift */,
				4D9D9BB62315D1B8004CF6F9 /* WeatherDecoder.swift */,
			);
			path = Models;
			sourceTree = "<group>";
		};
/* End PBXGroup section */

/* Begin PBXNativeTarget section */
		4D9D9B6E2315A905004CF6F9 /* ParsingJSONLab */ = {
			isa = PBXNativeTarget;
			buildConfigurationList = 4D9D9B972315A907004CF6F9 /* Build configuration list for PBXNativeTarget "ParsingJSONLab" */;
			buildPhases = (
				4D9D9B6B2315A905004CF6F9 /* Sources */,
				4D9D9B6C2315A905004CF6F9 /* Frameworks */,
				4D9D9B6D2315A905004CF6F9 /* Resources */,
			);
			buildRules = (
			);
			dependencies = (
			);
			name = ParsingJSONLab;
			productName = ParsingJSONLab;
			productReference = 4D9D9B6F2315A905004CF6F9 /* ParsingJSONLab.app */;
			productType = "com.apple.product-type.application";
		};
		4D9D9B822315A907004CF6F9 /* ParsingJSONLabTests */ = {
			isa = PBXNativeTarget;
			buildConfigurationList = 4D9D9B9A2315A907004CF6F9 /* Build configuration list for PBXNativeTarget "ParsingJSONLabTests" */;
			buildPhases = (
				4D9D9B7F2315A907004CF6F9 /* Sources */,
				4D9D9B802315A907004CF6F9 /* Frameworks */,
				4D9D9B812315A907004CF6F9 /* Resources */,
			);
			buildRules = (
			);
			dependencies = (
				4D9D9B852315A907004CF6F9 /* PBXTargetDependency */,
			);
			name = ParsingJSONLabTests;
			productName = ParsingJSONLabTests;
			productReference = 4D9D9B832315A907004CF6F9 /* ParsingJSONLabTests.xctest */;
			productType = "com.apple.product-type.bundle.unit-test";
		};
		4D9D9B8D2315A907004CF6F9 /* ParsingJSONLabUITests */ = {
			isa = PBXNativeTarget;
			buildConfigurationList = 4D9D9B9D2315A907004CF6F9 /* Build configuration list for PBXNativeTarget "ParsingJSONLabUITests" */;
			buildPhases = (
				4D9D9B8A2315A907004CF6F9 /* Sources */,
				4D9D9B8B2315A907004CF6F9 /* Frameworks */,
				4D9D9B8C2315A907004CF6F9 /* Resources */,
			);
			buildRules = (
			);
			dependencies = (
				4D9D9B902315A907004CF6F9 /* PBXTargetDependency */,
			);
			name = ParsingJSONLabUITests;
			productName = ParsingJSONLabUITests;
			productReference = 4D9D9B8E2315A907004CF6F9 /* ParsingJSONLabUITests.xctest */;
			productType = "com.apple.product-type.bundle.ui-testing";
		};
/* End PBXNativeTarget section */

/* Begin PBXProject section */
		4D9D9B672315A905004CF6F9 /* Project object */ = {
			isa = PBXProject;
			attributes = {
				LastSwiftUpdateCheck = 1030;
				LastUpgradeCheck = 1030;
				ORGANIZATIONNAME = "Angela Garrovillas";
				TargetAttributes = {
					4D9D9B6E2315A905004CF6F9 = {
						CreatedOnToolsVersion = 10.3;
					};
					4D9D9B822315A907004CF6F9 = {
						CreatedOnToolsVersion = 10.3;
						TestTargetID = 4D9D9B6E2315A905004CF6F9;
					};
					4D9D9B8D2315A907004CF6F9 = {
						CreatedOnToolsVersion = 10.3;
						TestTargetID = 4D9D9B6E2315A905004CF6F9;
					};
				};
			};
			buildConfigurationList = 4D9D9B6A2315A905004CF6F9 /* Build configuration list for PBXProject "ParsingJSONLab" */;
			compatibilityVersion = "Xcode 9.3";
			developmentRegion = en;
			hasScannedForEncodings = 0;
			knownRegions = (
				en,
				Base,
			);
			mainGroup = 4D9D9B662315A905004CF6F9;
			productRefGroup = 4D9D9B702315A905004CF6F9 /* Products */;
			projectDirPath = "";
			projectRoot = "";
			targets = (
				4D9D9B6E2315A905004CF6F9 /* ParsingJSONLab */,
				4D9D9B822315A907004CF6F9 /* ParsingJSONLabTests */,
				4D9D9B8D2315A907004CF6F9 /* ParsingJSONLabUITests */,
			);
		};
/* End PBXProject section */

/* Begin PBXResourcesBuildPhase section */
		4D9D9B6D2315A905004CF6F9 /* Resources */ = {
			isa = PBXResourcesBuildPhase;
			buildActionMask = 2147483647;
			files = (
				4D9D9BA92315B08E004CF6F9 /* colorscheme.json in Resources */,
				4D9D9B7D2315A907004CF6F9 /* LaunchScreen.storyboard in Resources */,
				4D9D9BAD2315B0F1004CF6F9 /* weather.json in Resources */,
				4D9D9B7A2315A907004CF6F9 /* Assets.xcassets in Resources */,
				4D9D9B782315A905004CF6F9 /* Main.storyboard in Resources */,
				4D9D9BAB2315B0E3004CF6F9 /* randomuser.json in Resources */,
			);
			runOnlyForDeploymentPostprocessing = 0;
		};
		4D9D9B812315A907004CF6F9 /* Resources */ = {
			isa = PBXResourcesBuildPhase;
			buildActionMask = 2147483647;
			files = (
			);
			runOnlyForDeploymentPostprocessing = 0;
		};
		4D9D9B8C2315A907004CF6F9 /* Resources */ = {
			isa = PBXResourcesBuildPhase;
			buildActionMask = 2147483647;
			files = (
			);
			runOnlyForDeploymentPostprocessing = 0;
		};
/* End PBXResourcesBuildPhase section */

/* Begin PBXSourcesBuildPhase section */
		4D9D9B6B2315A905004CF6F9 /* Sources */ = {
			isa = PBXSourcesBuildPhase;
			buildActionMask = 2147483647;
			files = (
				4D9D9BB92315D5E7004CF6F9 /* DetailWeatherViewController.swift in Sources */,
				4D9D9BB72315D1B8004CF6F9 /* WeatherDecoder.swift in Sources */,
				4D9D9BB32315C85C004CF6F9 /* UserDecoder.swift in Sources */,
				4D9D9B752315A905004CF6F9 /* WeatherViewController.swift in Sources */,
				4D9D9BB52315CF09004CF6F9 /* DetailUserViewController.swift in Sources */,
				4D9D9BA72315AFA8004CF6F9 /* UserViewController.swift in Sources */,
				4D9D9BAF2315B36F004CF6F9 /* ColorDecoder.swift in Sources */,
				4D9D9BA52315AF97004CF6F9 /* ColorViewController.swift in Sources */,
				4D9D9B732315A905004CF6F9 /* AppDelegate.swift in Sources */,
				4D9D9BB12315C333004CF6F9 /* DetailColorViewController.swift in Sources */,
			);
			runOnlyForDeploymentPostprocessing = 0;
		};
		4D9D9B7F2315A907004CF6F9 /* Sources */ = {
			isa = PBXSourcesBuildPhase;
			buildActionMask = 2147483647;
			files = (
				4D9D9B882315A907004CF6F9 /* ParsingJSONLabTests.swift in Sources */,
			);
			runOnlyForDeploymentPostprocessing = 0;
		};
		4D9D9B8A2315A907004CF6F9 /* Sources */ = {
			isa = PBXSourcesBuildPhase;
			buildActionMask = 2147483647;
			files = (
				4D9D9B932315A907004CF6F9 /* ParsingJSONLabUITests.swift in Sources */,
			);
			runOnlyForDeploymentPostprocessing = 0;
		};
/* End PBXSourcesBuildPhase section */

/* Begin PBXTargetDependency section */
		4D9D9B852315A907004CF6F9 /* PBXTargetDependency */ = {
			isa = PBXTargetDependency;
			target = 4D9D9B6E2315A905004CF6F9 /* ParsingJSONLab */;
			targetProxy = 4D9D9B842315A907004CF6F9 /* PBXContainerItemProxy */;
		};
		4D9D9B902315A907004CF6F9 /* PBXTargetDependency */ = {
			isa = PBXTargetDependency;
			target = 4D9D9B6E2315A905004CF6F9 /* ParsingJSONLab */;
			targetProxy = 4D9D9B8F2315A907004CF6F9 /* PBXContainerItemProxy */;
		};
/* End PBXTargetDependency section */

/* Begin PBXVariantGroup section */
		4D9D9B762315A905004CF6F9 /* Main.storyboard */ = {
			isa = PBXVariantGroup;
			children = (
				4D9D9B772315A905004CF6F9 /* Base */,
			);
			name = Main.storyboard;
			sourceTree = "<group>";
		};
		4D9D9B7B2315A907004CF6F9 /* LaunchScreen.storyboard */ = {
			isa = PBXVariantGroup;
			children = (
				4D9D9B7C2315A907004CF6F9 /* Base */,
			);
			name = LaunchScreen.storyboard;
			sourceTree = "<group>";
		};
/* End PBXVariantGroup section */

/* Begin XCBuildConfiguration section */
		4D9D9B952315A907004CF6F9 /* Debug */ = {
			isa = XCBuildConfiguration;
			buildSettings = {
				ALWAYS_SEARCH_USER_PATHS = NO;
				CLANG_ANALYZER_NONNULL = YES;
				CLANG_ANALYZER_NUMBER_OBJECT_CONVERSION = YES_AGGRESSIVE;
				CLANG_CXX_LANGUAGE_STANDARD = "gnu++14";
				CLANG_CXX_LIBRARY = "libc++";
				CLANG_ENABLE_MODULES = YES;
				CLANG_ENABLE_OBJC_ARC = YES;
				CLANG_ENABLE_OBJC_WEAK = YES;
				CLANG_WARN_BLOCK_CAPTURE_AUTORELEASING = YES;
				CLANG_WARN_BOOL_CONVERSION = YES;
				CLANG_WARN_COMMA = YES;
				CLANG_WARN_CONSTANT_CONVERSION = YES;
				CLANG_WARN_DEPRECATED_OBJC_IMPLEMENTATIONS = YES;
				CLANG_WARN_DIRECT_OBJC_ISA_USAGE = YES_ERROR;
				CLANG_WARN_DOCUMENTATION_COMMENTS = YES;
				CLANG_WARN_EMPTY_BODY = YES;
				CLANG_WARN_ENUM_CONVERSION = YES;
				CLANG_WARN_INFINITE_RECURSION = YES;
				CLANG_WARN_INT_CONVERSION = YES;
				CLANG_WARN_NON_LITERAL_NULL_CONVERSION = YES;
				CLANG_WARN_OBJC_IMPLICIT_RETAIN_SELF = YES;
				CLANG_WARN_OBJC_LITERAL_CONVERSION = YES;
				CLANG_WARN_OBJC_ROOT_CLASS = YES_ERROR;
				CLANG_WARN_RANGE_LOOP_ANALYSIS = YES;
				CLANG_WARN_STRICT_PROTOTYPES = YES;
				CLANG_WARN_SUSPICIOUS_MOVE = YES;
				CLANG_WARN_UNGUARDED_AVAILABILITY = YES_AGGRESSIVE;
				CLANG_WARN_UNREACHABLE_CODE = YES;
				CLANG_WARN__DUPLICATE_METHOD_MATCH = YES;
				CODE_SIGN_IDENTITY = "iPhone Developer";
				COPY_PHASE_STRIP = NO;
				DEBUG_INFORMATION_FORMAT = dwarf;
				ENABLE_STRICT_OBJC_MSGSEND = YES;
				ENABLE_TESTABILITY = YES;
				GCC_C_LANGUAGE_STANDARD = gnu11;
				GCC_DYNAMIC_NO_PIC = NO;
				GCC_NO_COMMON_BLOCKS = YES;
				GCC_OPTIMIZATION_LEVEL = 0;
				GCC_PREPROCESSOR_DEFINITIONS = (
					"DEBUG=1",
					"$(inherited)",
				);
				GCC_WARN_64_TO_32_BIT_CONVERSION = YES;
				GCC_WARN_ABOUT_RETURN_TYPE = YES_ERROR;
				GCC_WARN_UNDECLARED_SELECTOR = YES;
				GCC_WARN_UNINITIALIZED_AUTOS = YES_AGGRESSIVE;
				GCC_WARN_UNUSED_FUNCTION = YES;
				GCC_WARN_UNUSED_VARIABLE = YES;
				IPHONEOS_DEPLOYMENT_TARGET = 12.4;
				MTL_ENABLE_DEBUG_INFO = INCLUDE_SOURCE;
				MTL_FAST_MATH = YES;
				ONLY_ACTIVE_ARCH = YES;
				SDKROOT = iphoneos;
				SWIFT_ACTIVE_COMPILATION_CONDITIONS = DEBUG;
				SWIFT_OPTIMIZATION_LEVEL = "-Onone";
			};
			name = Debug;
		};
		4D9D9B962315A907004CF6F9 /* Release */ = {
			isa = XCBuildConfiguration;
			buildSettings = {
				ALWAYS_SEARCH_USER_PATHS = NO;
				CLANG_ANALYZER_NONNULL = YES;
				CLANG_ANALYZER_NUMBER_OBJECT_CONVERSION = YES_AGGRESSIVE;
				CLANG_CXX_LANGUAGE_STANDARD = "gnu++14";
				CLANG_CXX_LIBRARY = "libc++";
				CLANG_ENABLE_MODULES = YES;
				CLANG_ENABLE_OBJC_ARC = YES;
				CLANG_ENABLE_OBJC_WEAK = YES;
				CLANG_WARN_BLOCK_CAPTURE_AUTORELEASING = YES;
				CLANG_WARN_BOOL_CONVERSION = YES;
				CLANG_WARN_COMMA = YES;
				CLANG_WARN_CONSTANT_CONVERSION = YES;
				CLANG_WARN_DEPRECATED_OBJC_IMPLEMENTATIONS = YES;
				CLANG_WARN_DIRECT_OBJC_ISA_USAGE = YES_ERROR;
				CLANG_WARN_DOCUMENTATION_COMMENTS = YES;
				CLANG_WARN_EMPTY_BODY = YES;
				CLANG_WARN_ENUM_CONVERSION = YES;
				CLANG_WARN_INFINITE_RECURSION = YES;
				CLANG_WARN_INT_CONVERSION = YES;
				CLANG_WARN_NON_LITERAL_NULL_CONVERSION = YES;
				CLANG_WARN_OBJC_IMPLICIT_RETAIN_SELF = YES;
				CLANG_WARN_OBJC_LITERAL_CONVERSION = YES;
				CLANG_WARN_OBJC_ROOT_CLASS = YES_ERROR;
				CLANG_WARN_RANGE_LOOP_ANALYSIS = YES;
				CLANG_WARN_STRICT_PROTOTYPES = YES;
				CLANG_WARN_SUSPICIOUS_MOVE = YES;
				CLANG_WARN_UNGUARDED_AVAILABILITY = YES_AGGRESSIVE;
				CLANG_WARN_UNREACHABLE_CODE = YES;
				CLANG_WARN__DUPLICATE_METHOD_MATCH = YES;
				CODE_SIGN_IDENTITY = "iPhone Developer";
				COPY_PHASE_STRIP = NO;
				DEBUG_INFORMATION_FORMAT = "dwarf-with-dsym";
				ENABLE_NS_ASSERTIONS = NO;
				ENABLE_STRICT_OBJC_MSGSEND = YES;
				GCC_C_LANGUAGE_STANDARD = gnu11;
				GCC_NO_COMMON_BLOCKS = YES;
				GCC_WARN_64_TO_32_BIT_CONVERSION = YES;
				GCC_WARN_ABOUT_RETURN_TYPE = YES_ERROR;
				GCC_WARN_UNDECLARED_SELECTOR = YES;
				GCC_WARN_UNINITIALIZED_AUTOS = YES_AGGRESSIVE;
				GCC_WARN_UNUSED_FUNCTION = YES;
				GCC_WARN_UNUSED_VARIABLE = YES;
				IPHONEOS_DEPLOYMENT_TARGET = 12.4;
				MTL_ENABLE_DEBUG_INFO = NO;
				MTL_FAST_MATH = YES;
				SDKROOT = iphoneos;
				SWIFT_COMPILATION_MODE = wholemodule;
				SWIFT_OPTIMIZATION_LEVEL = "-O";
				VALIDATE_PRODUCT = YES;
			};
			name = Release;
		};
		4D9D9B982315A907004CF6F9 /* Debug */ = {
			isa = XCBuildConfiguration;
			buildSettings = {
				ASSETCATALOG_COMPILER_APPICON_NAME = AppIcon;
				CODE_SIGN_STYLE = Automatic;
				INFOPLIST_FILE = ParsingJSONLab/Info.plist;
				LD_RUNPATH_SEARCH_PATHS = (
					"$(inherited)",
					"@executable_path/Frameworks",
				);
				PRODUCT_BUNDLE_IDENTIFIER = flPafRsnOsJ.ParsingJSONLab;
				PRODUCT_NAME = "$(TARGET_NAME)";
				SWIFT_VERSION = 5.0;
				TARGETED_DEVICE_FAMILY = "1,2";
			};
			name = Debug;
		};
		4D9D9B992315A907004CF6F9 /* Release */ = {
			isa = XCBuildConfiguration;
			buildSettings = {
				ASSETCATALOG_COMPILER_APPICON_NAME = AppIcon;
				CODE_SIGN_STYLE = Automatic;
				INFOPLIST_FILE = ParsingJSONLab/Info.plist;
				LD_RUNPATH_SEARCH_PATHS = (
					"$(inherited)",
					"@executable_path/Frameworks",
				);
				PRODUCT_BUNDLE_IDENTIFIER = flPafRsnOsJ.ParsingJSONLab;
				PRODUCT_NAME = "$(TARGET_NAME)";
				SWIFT_VERSION = 5.0;
				TARGETED_DEVICE_FAMILY = "1,2";
			};
			name = Release;
		};
		4D9D9B9B2315A907004CF6F9 /* Debug */ = {
			isa = XCBuildConfiguration;
			buildSettings = {
				ALWAYS_EMBED_SWIFT_STANDARD_LIBRARIES = YES;
				BUNDLE_LOADER = "$(TEST_HOST)";
				CODE_SIGN_STYLE = Automatic;
				INFOPLIST_FILE = ParsingJSONLabTests/Info.plist;
				LD_RUNPATH_SEARCH_PATHS = (
					"$(inherited)",
					"@executable_path/Frameworks",
					"@loader_path/Frameworks",
				);
				PRODUCT_BUNDLE_IDENTIFIER = flPafRsnOsJ.ParsingJSONLabTests;
				PRODUCT_NAME = "$(TARGET_NAME)";
				SWIFT_VERSION = 5.0;
				TARGETED_DEVICE_FAMILY = "1,2";
				TEST_HOST = "$(BUILT_PRODUCTS_DIR)/ParsingJSONLab.app/ParsingJSONLab";
			};
			name = Debug;
		};
		4D9D9B9C2315A907004CF6F9 /* Release */ = {
			isa = XCBuildConfiguration;
			buildSettings = {
				ALWAYS_EMBED_SWIFT_STANDARD_LIBRARIES = YES;
				BUNDLE_LOADER = "$(TEST_HOST)";
				CODE_SIGN_STYLE = Automatic;
				INFOPLIST_FILE = ParsingJSONLabTests/Info.plist;
				LD_RUNPATH_SEARCH_PATHS = (
					"$(inherited)",
					"@executable_path/Frameworks",
					"@loader_path/Frameworks",
				);
				PRODUCT_BUNDLE_IDENTIFIER = flPafRsnOsJ.ParsingJSONLabTests;
				PRODUCT_NAME = "$(TARGET_NAME)";
				SWIFT_VERSION = 5.0;
				TARGETED_DEVICE_FAMILY = "1,2";
				TEST_HOST = "$(BUILT_PRODUCTS_DIR)/ParsingJSONLab.app/ParsingJSONLab";
			};
			name = Release;
		};
		4D9D9B9E2315A907004CF6F9 /* Debug */ = {
			isa = XCBuildConfiguration;
			buildSettings = {
				ALWAYS_EMBED_SWIFT_STANDARD_LIBRARIES = YES;
				CODE_SIGN_STYLE = Automatic;
				INFOPLIST_FILE = ParsingJSONLabUITests/Info.plist;
				LD_RUNPATH_SEARCH_PATHS = (
					"$(inherited)",
					"@executable_path/Frameworks",
					"@loader_path/Frameworks",
				);
				PRODUCT_BUNDLE_IDENTIFIER = flPafRsnOsJ.ParsingJSONLabUITests;
				PRODUCT_NAME = "$(TARGET_NAME)";
				SWIFT_VERSION = 5.0;
				TARGETED_DEVICE_FAMILY = "1,2";
				TEST_TARGET_NAME = ParsingJSONLab;
			};
			name = Debug;
		};
		4D9D9B9F2315A907004CF6F9 /* Release */ = {
			isa = XCBuildConfiguration;
			buildSettings = {
				ALWAYS_EMBED_SWIFT_STANDARD_LIBRARIES = YES;
				CODE_SIGN_STYLE = Automatic;
				INFOPLIST_FILE = ParsingJSONLabUITests/Info.plist;
				LD_RUNPATH_SEARCH_PATHS = (
					"$(inherited)",
					"@executable_path/Frameworks",
					"@loader_path/Frameworks",
				);
				PRODUCT_BUNDLE_IDENTIFIER = flPafRsnOsJ.ParsingJSONLabUITests;
				PRODUCT_NAME = "$(TARGET_NAME)";
				SWIFT_VERSION = 5.0;
				TARGETED_DEVICE_FAMILY = "1,2";
				TEST_TARGET_NAME = ParsingJSONLab;
			};
			name = Release;
		};
/* End XCBuildConfiguration section */

/* Begin XCConfigurationList section */
		4D9D9B6A2315A905004CF6F9 /* Build configuration list for PBXProject "ParsingJSONLab" */ = {
			isa = XCConfigurationList;
			buildConfigurations = (
				4D9D9B952315A907004CF6F9 /* Debug */,
				4D9D9B962315A907004CF6F9 /* Release */,
			);
			defaultConfigurationIsVisible = 0;
			defaultConfigurationName = Release;
		};
		4D9D9B972315A907004CF6F9 /* Build configuration list for PBXNativeTarget "ParsingJSONLab" */ = {
			isa = XCConfigurationList;
			buildConfigurations = (
				4D9D9B982315A907004CF6F9 /* Debug */,
				4D9D9B992315A907004CF6F9 /* Release */,
			);
			defaultConfigurationIsVisible = 0;
			defaultConfigurationName = Release;
		};
		4D9D9B9A2315A907004CF6F9 /* Build configuration list for PBXNativeTarget "ParsingJSONLabTests" */ = {
			isa = XCConfigurationList;
			buildConfigurations = (
				4D9D9B9B2315A907004CF6F9 /* Debug */,
				4D9D9B9C2315A907004CF6F9 /* Release */,
			);
			defaultConfigurationIsVisible = 0;
			defaultConfigurationName = Release;
		};
		4D9D9B9D2315A907004CF6F9 /* Build configuration list for PBXNativeTarget "ParsingJSONLabUITests" */ = {
			isa = XCConfigurationList;
			buildConfigurations = (
				4D9D9B9E2315A907004CF6F9 /* Debug */,
				4D9D9B9F2315A907004CF6F9 /* Release */,
			);
			defaultConfigurationIsVisible = 0;
			defaultConfigurationName = Release;
		};
/* End XCConfigurationList section */
	};
	rootObject = 4D9D9B672315A905004CF6F9 /* Project object */;
}
